<?xml version="1.0" encoding="utf-8"?>
<Project ToolsVersion="4.0" xmlns="http://schemas.microsoft.com/developer/msbuild/2003">
  <ItemGroup>
    <Filter Include="Source Files">
      <UniqueIdentifier>{4FC737F1-C7A5-4376-A066-2A32D752A2FF}</UniqueIdentifier>
      <Extensions>cpp;c;cc;cxx;c++;cppm;ixx;def;odl;idl;hpj;bat;asm;asmx</Extensions>
    </Filter>
    <Filter Include="Header Files">
      <UniqueIdentifier>{93995380-89BD-4b04-88EB-625FBE52EBFB}</UniqueIdentifier>
      <Extensions>h;hh;hpp;hxx;h++;hm;inl;inc;ipp;xsd</Extensions>
    </Filter>
    <Filter Include="Resource Files">
      <UniqueIdentifier>{67DA6AB6-F800-4c08-8B7A-83BB121AAD01}</UniqueIdentifier>
      <Extensions>rc;ico;cur;bmp;dlg;rc2;rct;bin;rgs;gif;jpg;jpeg;jpe;resx;tiff;tif;png;wav;mfcribbon-ms</Extensions>
    </Filter>
    <Filter Include="Source Files\Widget">
      <UniqueIdentifier>{57dbff0c-a812-4cc3-b366-0eaba76752ce}</UniqueIdentifier>
    </Filter>
    <Filter Include="Source Files\Widget\Controller">
      <UniqueIdentifier>{508394c3-8a63-4931-a3c7-53e829f331dc}</UniqueIdentifier>
    </Filter>
    <Filter Include="Source Files\Widget\Renderer">
      <UniqueIdentifier>{35ed9937-f497-4503-80f3-76fc1cccae35}</UniqueIdentifier>
    </Filter>
    <Filter Include="Header Files\Data">
      <UniqueIdentifier>{cd8bbc5c-3b29-4dda-b7bf-9d71c6babdb2}</UniqueIdentifier>
    </Filter>
    <Filter Include="Header Files\Widget">
      <UniqueIdentifier>{97ee6b61-ab89-467e-91c1-12e1703ac7c9}</UniqueIdentifier>
    </Filter>
    <Filter Include="Header Files\Widget\Controller">
      <UniqueIdentifier>{7d771703-074e-4da5-8e73-a88f78352af7}</UniqueIdentifier>
    </Filter>
    <Filter Include="Header Files\Widget\Renderer">
      <UniqueIdentifier>{c7efa545-0338-4d7a-b05e-925c2254e956}</UniqueIdentifier>
    </Filter>
    <Filter Include="Source Files\Data">
      <UniqueIdentifier>{005e539d-57d8-4bce-b437-9b9c5ff5bc7d}</UniqueIdentifier>
    </Filter>
  </ItemGroup>
  <ItemGroup>
    <ClInclude Include="includes\erelia_client.h">
      <Filter>Header Files</Filter>
    </ClInclude>
    <ClInclude Include="includes\widget\controller\erelia_console_controller.h">
      <Filter>Header Files\Widget\Controller</Filter>
    </ClInclude>
    <ClInclude Include="includes\widget\controller\erelia_interact_controller.h">
      <Filter>Header Files\Widget\Controller</Filter>
    </ClInclude>
    <ClInclude Include="includes\widget\controller\erelia_player_controller.h">
      <Filter>Header Files\Widget\Controller</Filter>
    </ClInclude>
    <ClInclude Include="includes\widget\renderer\erelia_entity_renderer.h">
      <Filter>Header Files\Widget\Renderer</Filter>
    </ClInclude>
    <ClInclude Include="includes\widget\renderer\erelia_particule_renderer.h">
      <Filter>Header Files\Widget\Renderer</Filter>
    </ClInclude>
    <ClInclude Include="includes\widget\renderer\erelia_ui_renderer.h">
      <Filter>Header Files\Widget\Renderer</Filter>
    </ClInclude>
    <ClInclude Include="includes\widget\renderer\erelia_map_renderer.h">
      <Filter>Header Files\Widget\Renderer</Filter>
    </ClInclude>
    <ClInclude Include="includes\data\erelia_chunk.h">
      <Filter>Header Files\Data</Filter>
    </ClInclude>
    <ClInclude Include="includes\data\erelia_map.h">
      <Filter>Header Files\Data</Filter>
    </ClInclude>
    <ClInclude Include="includes\data\erelia_engine.h">
      <Filter>Header Files\Data</Filter>
    </ClInclude>
    <ClInclude Include="includes\widget\renderer\erelia_console_renderer.h">
      <Filter>Header Files\Widget\Renderer</Filter>
    </ClInclude>
    <ClInclude Include="includes\erelia_client_application.h">
      <Filter>Header Files</Filter>
    </ClInclude>
  </ItemGroup>
  <ItemGroup>
    <ClCompile Include="srcs\main_client.cpp">
      <Filter>Source Files</Filter>
    </ClCompile>
    <ClCompile Include="srcs\widget\renderer\erelia_console_renderer.cpp">
      <Filter>Source Files\Widget\Renderer</Filter>
    </ClCompile>
    <ClCompile Include="srcs\widget\renderer\erelia_entity_renderer.cpp">
      <Filter>Source Files\Widget\Renderer</Filter>
    </ClCompile>
    <ClCompile Include="srcs\widget\renderer\erelia_particule_renderer.cpp">
      <Filter>Source Files\Widget\Renderer</Filter>
    </ClCompile>
    <ClCompile Include="srcs\widget\renderer\erelia_ui_renderer.cpp">
      <Filter>Source Files\Widget\Renderer</Filter>
    </ClCompile>
    <ClCompile Include="srcs\widget\renderer\erelia_map_renderer.cpp">
      <Filter>Source Files\Widget\Renderer</Filter>
    </ClCompile>
    <ClCompile Include="srcs\widget\controller\erelia_console_controller.cpp">
      <Filter>Source Files\Widget\Controller</Filter>
    </ClCompile>
    <ClCompile Include="srcs\widget\controller\erelia_interact_controller.cpp">
      <Filter>Source Files\Widget\Controller</Filter>
    </ClCompile>
    <ClCompile Include="srcs\widget\controller\erelia_player_controller.cpp">
      <Filter>Source Files\Widget\Controller</Filter>
    </ClCompile>
    <ClCompile Include="srcs\erelia_client_application.cpp">
      <Filter>Source Files</Filter>
    </ClCompile>
    <ClCompile Include="srcs\Data\erelia_client_chunk.cpp">
      <Filter>Source Files\Data</Filter>
    </ClCompile>
    <ClCompile Include="srcs\Data\erelia_client_map.cpp">
      <Filter>Source Files\Data</Filter>
    </ClCompile>
    <ClCompile Include="srcs\Data\erelia_client_engine.cpp">
      <Filter>Source Files\Data</Filter>
    </ClCompile>
  </ItemGroup>
</Project>